
Microsoft Visual Studio Solution File, Format Version 12.00
# Visual Studio Version 17
VisualStudioVersion = 17.14.36429.23 d17.14
MinimumVisualStudioVersion = 10.0.40219.1
Project("{00D1A9C2-B5F0-4AF3-8072-F6C62B433612}") = "lr_number1", "lr_number1.sqlproj", "{9F0C89F8-615D-41BC-8ABC-4E5868EB2B42}"
EndProject
Global
	GlobalSection(SolutionConfigurationPlatforms) = preSolution
		Debug|Any CPU = Debug|Any CPU
		Release|Any CPU = Release|Any CPU
	EndGlobalSection
	GlobalSection(ProjectConfigurationPlatforms) = postSolution
		{9F0C89F8-615D-41BC-8ABC-4E5868EB2B42}.Debug|Any CPU.ActiveCfg = Debug|Any CPU
		{9F0C89F8-615D-41BC-8ABC-4E5868EB2B42}.Debug|Any CPU.Build.0 = Debug|Any CPU
		{9F0C89F8-615D-41BC-8ABC-4E5868EB2B42}.Debug|Any CPU.Deploy.0 = Debug|Any CPU
		{9F0C89F8-615D-41BC-8ABC-4E5868EB2B42}.Release|Any CPU.ActiveCfg = Release|Any CPU
		{9F0C89F8-615D-41BC-8ABC-4E5868EB2B42}.Release|Any CPU.Build.0 = Release|Any CPU
		{9F0C89F8-615D-41BC-8ABC-4E5868EB2B42}.Release|Any CPU.Deploy.0 = Release|Any CPU
	EndGlobalSection
	GlobalSection(SolutionProperties) = preSolution
		HideSolutionNode = FALSE
	EndGlobalSection
	GlobalSection(ExtensibilityGlobals) = postSolution
		SolutionGuid = {1242416C-13C4-4202-BF07-9C1A3C919DE0}
	EndGlobalSection
EndGlobal
