
Microsoft Visual Studio Solution File, Format Version 12.00
# Visual Studio Version 17
VisualStudioVersion = 17.14.36511.14 d17.14
MinimumVisualStudioVersion = 10.0.40219.1
Project("{00D1A9C2-B5F0-4AF3-8072-F6C62B433612}") = "lr_number5", "lr_number5.sqlproj", "{72603D48-E03C-4FF0-8D59-4D5DC1380D50}"
EndProject
Global
	GlobalSection(SolutionConfigurationPlatforms) = preSolution
		Debug|Any CPU = Debug|Any CPU
		Release|Any CPU = Release|Any CPU
	EndGlobalSection
	GlobalSection(ProjectConfigurationPlatforms) = postSolution
		{72603D48-E03C-4FF0-8D59-4D5DC1380D50}.Debug|Any CPU.ActiveCfg = Debug|Any CPU
		{72603D48-E03C-4FF0-8D59-4D5DC1380D50}.Debug|Any CPU.Build.0 = Debug|Any CPU
		{72603D48-E03C-4FF0-8D59-4D5DC1380D50}.Debug|Any CPU.Deploy.0 = Debug|Any CPU
		{72603D48-E03C-4FF0-8D59-4D5DC1380D50}.Release|Any CPU.ActiveCfg = Release|Any CPU
		{72603D48-E03C-4FF0-8D59-4D5DC1380D50}.Release|Any CPU.Build.0 = Release|Any CPU
		{72603D48-E03C-4FF0-8D59-4D5DC1380D50}.Release|Any CPU.Deploy.0 = Release|Any CPU
	EndGlobalSection
	GlobalSection(SolutionProperties) = preSolution
		HideSolutionNode = FALSE
	EndGlobalSection
	GlobalSection(ExtensibilityGlobals) = postSolution
		SolutionGuid = {2608D6AB-FE3F-493E-B05A-686B1B173CAC}
	EndGlobalSection
EndGlobal
