
Microsoft Visual Studio Solution File, Format Version 12.00
# Visual Studio Version 17
VisualStudioVersion = 17.14.36511.14 d17.14
MinimumVisualStudioVersion = 10.0.40219.1
Project("{00D1A9C2-B5F0-4AF3-8072-F6C62B433612}") = "lr_number7", "lr_number7.sqlproj", "{2FD30994-A38F-494D-8CA7-142F6B2C1C5F}"
EndProject
Global
	GlobalSection(SolutionConfigurationPlatforms) = preSolution
		Debug|Any CPU = Debug|Any CPU
		Release|Any CPU = Release|Any CPU
	EndGlobalSection
	GlobalSection(ProjectConfigurationPlatforms) = postSolution
		{2FD30994-A38F-494D-8CA7-142F6B2C1C5F}.Debug|Any CPU.ActiveCfg = Debug|Any CPU
		{2FD30994-A38F-494D-8CA7-142F6B2C1C5F}.Debug|Any CPU.Build.0 = Debug|Any CPU
		{2FD30994-A38F-494D-8CA7-142F6B2C1C5F}.Debug|Any CPU.Deploy.0 = Debug|Any CPU
		{2FD30994-A38F-494D-8CA7-142F6B2C1C5F}.Release|Any CPU.ActiveCfg = Release|Any CPU
		{2FD30994-A38F-494D-8CA7-142F6B2C1C5F}.Release|Any CPU.Build.0 = Release|Any CPU
		{2FD30994-A38F-494D-8CA7-142F6B2C1C5F}.Release|Any CPU.Deploy.0 = Release|Any CPU
	EndGlobalSection
	GlobalSection(SolutionProperties) = preSolution
		HideSolutionNode = FALSE
	EndGlobalSection
	GlobalSection(ExtensibilityGlobals) = postSolution
		SolutionGuid = {1863EDBD-49FA-4E27-8675-ACA6D7727DD1}
	EndGlobalSection
EndGlobal
